
Microsoft Visual Studio Solution File, Format Version 11.00
# Visual Studio 2010
Project("{FAE04EC0-301F-11D3-BF4B-00C04F79EFBC}") = "Assembly-CSharp", "Assembly-CSharp.csproj", "{19867f8f-dc48-e738-ce99-a1067045fce3}"
EndProject
Project("{FAE04EC0-301F-11D3-BF4B-00C04F79EFBC}") = "Assembly-CSharp-Editor", "Assembly-CSharp-Editor.csproj", "{37a486cd-dcbc-0118-d30b-86ecc40a3afd}"
EndProject
Global
	GlobalSection(SolutionConfigurationPlatforms) = preSolution
		Debug|Any CPU = Debug|Any CPU
	EndGlobalSection
	GlobalSection(ProjectConfigurationPlatforms) = postSolution
		{19867f8f-dc48-e738-ce99-a1067045fce3}.Debug|Any CPU.ActiveCfg = Debug|Any CPU
		{19867f8f-dc48-e738-ce99-a1067045fce3}.Debug|Any CPU.Build.0 = Debug|Any CPU
		{37a486cd-dcbc-0118-d30b-86ecc40a3afd}.Debug|Any CPU.ActiveCfg = Debug|Any CPU
		{37a486cd-dcbc-0118-d30b-86ecc40a3afd}.Debug|Any CPU.Build.0 = Debug|Any CPU
	EndGlobalSection
	GlobalSection(SolutionProperties) = preSolution
		HideSolutionNode = FALSE
	EndGlobalSection
EndGlobal
